<?xml version="1.0" encoding="utf-8"?>
<Project ToolsVersion="4.0" xmlns="http://schemas.microsoft.com/developer/msbuild/2003">
  <ItemGroup>
    <Filter Include="EPP">
      <UniqueIdentifier>{42927ee5-0cfc-411d-876f-291ee1b52d46}</UniqueIdentifier>
    </Filter>
    <Filter Include="EPP\Preprocessor">
      <UniqueIdentifier>{383a5b74-5b64-400b-b892-03fd4cc8e6cc}</UniqueIdentifier>
    </Filter>
    <Filter Include="EPP\Holders">
      <UniqueIdentifier>{76e33f66-8aa5-4851-8f8d-7e7ff1e9d445}</UniqueIdentifier>
    </Filter>
    <Filter Include="EPP\Monitoring">
      <UniqueIdentifier>{47b72913-f6f1-4d5e-9549-c11fc3bda266}</UniqueIdentifier>
    </Filter>
  </ItemGroup>
  <ItemGroup>
    <ClInclude Include="stdafx.h" />
    <ClInclude Include="EPP\Holders\SafeObject.h">
      <Filter>EPP\Holders</Filter>
    </ClInclude>
    <ClInclude Include="EPP\Preprocessor\PP_DebugOnly.h">
      <Filter>EPP\Preprocessor</Filter>
    </ClInclude>
    <ClInclude Include="EPP\Monitoring\PerfMon.h">
      <Filter>EPP\Monitoring</Filter>
    </ClInclude>
    <ClInclude Include="EPP\Holders\SharedValue.h">
      <Filter>EPP\Holders</Filter>
    </ClInclude>
    <ClInclude Include="EPP\Preprocessor\PP_CONSTRUCT.h">
      <Filter>EPP\Preprocessor</Filter>
    </ClInclude>
  </ItemGroup>
  <ItemGroup>
    <ClCompile Include="stdafx.cpp" />
    <ClCompile Include="EPP\Monitoring\PerfMon.cpp">
      <Filter>EPP\Monitoring</Filter>
    </ClCompile>
  </ItemGroup>
</Project>